
Microsoft Visual Studio Solution File, Format Version 12.00
# Visual Studio Version 17
Project("{2150E333-8FDC-42A3-9474-1A3956D46DE8}") = "BuildScript", "BuildScript", "{5153C135-BD69-BFCB-06E1-4AED72369053}"
EndProject
Project("{8BC9CEB8-8B4A-11D0-8D11-00A0C91BC942}") = "Script", "Script.vcxproj", "{9AFBBAD0-869D-E5A6-6F58-F9FA5B996CF7}"
EndProject
Project("{2150E333-8FDC-42A3-9474-1A3956D46DE8}") = "Dependencies", "Dependencies", "{53E47842-3FC8-3998-A828-34EB942B241A}"
EndProject
Project("{8BC9CEB8-8B4A-11D0-8D11-00A0C91BC942}") = "glad", "GE\External\glad\glad.vcxproj", "{DD62977C-C999-980D-7286-7E105E9C140F}"
EndProject
Project("{8BC9CEB8-8B4A-11D0-8D11-00A0C91BC942}") = "glfw", "GE\External\glfw\glfw.vcxproj", "{9563977C-819A-980D-2A87-7E10169D140F}"
EndProject
Project("{8BC9CEB8-8B4A-11D0-8D11-00A0C91BC942}") = "GE", "GE\GE.vcxproj", "{B1735900-9DFF-870B-06AE-880BF258880B}"
EndProject
Project("{8BC9CEB8-8B4A-11D0-8D11-00A0C91BC942}") = "Sandbox", "Sandbox\Sandbox.vcxproj", "{F4C124E3-60A1-A37E-69B9-2E55D5170AE0}"
EndProject
Global
	GlobalSection(SolutionConfigurationPlatforms) = preSolution
		Debug|x64 = Debug|x64
		Dist|x64 = Dist|x64
		Release|x64 = Release|x64
	EndGlobalSection
	GlobalSection(ProjectConfigurationPlatforms) = postSolution
		{9AFBBAD0-869D-E5A6-6F58-F9FA5B996CF7}.Debug|x64.ActiveCfg = Debug|x64
		{9AFBBAD0-869D-E5A6-6F58-F9FA5B996CF7}.Debug|x64.Build.0 = Debug|x64
		{9AFBBAD0-869D-E5A6-6F58-F9FA5B996CF7}.Dist|x64.ActiveCfg = Dist|x64
		{9AFBBAD0-869D-E5A6-6F58-F9FA5B996CF7}.Dist|x64.Build.0 = Dist|x64
		{9AFBBAD0-869D-E5A6-6F58-F9FA5B996CF7}.Release|x64.ActiveCfg = Release|x64
		{9AFBBAD0-869D-E5A6-6F58-F9FA5B996CF7}.Release|x64.Build.0 = Release|x64
		{DD62977C-C999-980D-7286-7E105E9C140F}.Debug|x64.ActiveCfg = Debug|x64
		{DD62977C-C999-980D-7286-7E105E9C140F}.Debug|x64.Build.0 = Debug|x64
		{DD62977C-C999-980D-7286-7E105E9C140F}.Dist|x64.ActiveCfg = Dist|x64
		{DD62977C-C999-980D-7286-7E105E9C140F}.Dist|x64.Build.0 = Dist|x64
		{DD62977C-C999-980D-7286-7E105E9C140F}.Release|x64.ActiveCfg = Release|x64
		{DD62977C-C999-980D-7286-7E105E9C140F}.Release|x64.Build.0 = Release|x64
		{9563977C-819A-980D-2A87-7E10169D140F}.Debug|x64.ActiveCfg = Debug|x64
		{9563977C-819A-980D-2A87-7E10169D140F}.Debug|x64.Build.0 = Debug|x64
		{9563977C-819A-980D-2A87-7E10169D140F}.Dist|x64.ActiveCfg = Dist|x64
		{9563977C-819A-980D-2A87-7E10169D140F}.Dist|x64.Build.0 = Dist|x64
		{9563977C-819A-980D-2A87-7E10169D140F}.Release|x64.ActiveCfg = Release|x64
		{9563977C-819A-980D-2A87-7E10169D140F}.Release|x64.Build.0 = Release|x64
		{B1735900-9DFF-870B-06AE-880BF258880B}.Debug|x64.ActiveCfg = Debug|x64
		{B1735900-9DFF-870B-06AE-880BF258880B}.Debug|x64.Build.0 = Debug|x64
		{B1735900-9DFF-870B-06AE-880BF258880B}.Dist|x64.ActiveCfg = Dist|x64
		{B1735900-9DFF-870B-06AE-880BF258880B}.Dist|x64.Build.0 = Dist|x64
		{B1735900-9DFF-870B-06AE-880BF258880B}.Release|x64.ActiveCfg = Release|x64
		{B1735900-9DFF-870B-06AE-880BF258880B}.Release|x64.Build.0 = Release|x64
		{F4C124E3-60A1-A37E-69B9-2E55D5170AE0}.Debug|x64.ActiveCfg = Debug|x64
		{F4C124E3-60A1-A37E-69B9-2E55D5170AE0}.Debug|x64.Build.0 = Debug|x64
		{F4C124E3-60A1-A37E-69B9-2E55D5170AE0}.Dist|x64.ActiveCfg = Dist|x64
		{F4C124E3-60A1-A37E-69B9-2E55D5170AE0}.Dist|x64.Build.0 = Dist|x64
		{F4C124E3-60A1-A37E-69B9-2E55D5170AE0}.Release|x64.ActiveCfg = Release|x64
		{F4C124E3-60A1-A37E-69B9-2E55D5170AE0}.Release|x64.Build.0 = Release|x64
	EndGlobalSection
	GlobalSection(SolutionProperties) = preSolution
		HideSolutionNode = FALSE
	EndGlobalSection
	GlobalSection(NestedProjects) = preSolution
		{9AFBBAD0-869D-E5A6-6F58-F9FA5B996CF7} = {5153C135-BD69-BFCB-06E1-4AED72369053}
		{DD62977C-C999-980D-7286-7E105E9C140F} = {53E47842-3FC8-3998-A828-34EB942B241A}
		{9563977C-819A-980D-2A87-7E10169D140F} = {53E47842-3FC8-3998-A828-34EB942B241A}
	EndGlobalSection
EndGlobal
